
Microsoft Visual Studio Solution File, Format Version 12.00
# Visual Studio Version 16
VisualStudioVersion = 16.0.31205.134
MinimumVisualStudioVersion = 10.0.40219.1
Project("{FAE04EC0-301F-11D3-BF4B-00C04F79EFBC}") = "MethodsRecorder", "MethodsRecorder\MethodsRecorder.csproj", "{4B83E75F-83E3-4861-95A1-E4339BFFF770}"
EndProject
Project("{FAE04EC0-301F-11D3-BF4B-00C04F79EFBC}") = "MethodsRecorderTests", "MethodsRecorderTests\MethodsRecorderTests.csproj", "{406126D3-4BDC-45D2-A8C3-7E8ADD9A7EC9}"
EndProject
Global
	GlobalSection(SolutionConfigurationPlatforms) = preSolution
		Debug|Any CPU = Debug|Any CPU
		Release|Any CPU = Release|Any CPU
	EndGlobalSection
	GlobalSection(ProjectConfigurationPlatforms) = postSolution
		{4B83E75F-83E3-4861-95A1-E4339BFFF770}.Debug|Any CPU.ActiveCfg = Debug|Any CPU
		{4B83E75F-83E3-4861-95A1-E4339BFFF770}.Debug|Any CPU.Build.0 = Debug|Any CPU
		{4B83E75F-83E3-4861-95A1-E4339BFFF770}.Release|Any CPU.ActiveCfg = Release|Any CPU
		{4B83E75F-83E3-4861-95A1-E4339BFFF770}.Release|Any CPU.Build.0 = Release|Any CPU
		{406126D3-4BDC-45D2-A8C3-7E8ADD9A7EC9}.Debug|Any CPU.ActiveCfg = Debug|Any CPU
		{406126D3-4BDC-45D2-A8C3-7E8ADD9A7EC9}.Debug|Any CPU.Build.0 = Debug|Any CPU
		{406126D3-4BDC-45D2-A8C3-7E8ADD9A7EC9}.Release|Any CPU.ActiveCfg = Release|Any CPU
		{406126D3-4BDC-45D2-A8C3-7E8ADD9A7EC9}.Release|Any CPU.Build.0 = Release|Any CPU
	EndGlobalSection
	GlobalSection(SolutionProperties) = preSolution
		HideSolutionNode = FALSE
	EndGlobalSection
	GlobalSection(ExtensibilityGlobals) = postSolution
		SolutionGuid = {91C1A701-E01D-4531-83F0-99C9D9EC9076}
	EndGlobalSection
EndGlobal
